
Microsoft Visual Studio Solution File, Format Version 12.00
# Visual Studio Version 17
VisualStudioVersion = 17.8.34322.80
MinimumVisualStudioVersion = 10.0.40219.1
Project("{9A19103F-16F7-4668-BE54-9A1E7A4F7556}") = "LuftbornCodeTest", "LuftbornCodeTest.csproj", "{597777BD-0095-46EE-A79F-0AE108232389}"
EndProject
Global
	GlobalSection(SolutionConfigurationPlatforms) = preSolution
		Debug|Any CPU = Debug|Any CPU
		Release|Any CPU = Release|Any CPU
	EndGlobalSection
	GlobalSection(ProjectConfigurationPlatforms) = postSolution
		{597777BD-0095-46EE-A79F-0AE108232389}.Debug|Any CPU.ActiveCfg = Debug|Any CPU
		{597777BD-0095-46EE-A79F-0AE108232389}.Debug|Any CPU.Build.0 = Debug|Any CPU
		{597777BD-0095-46EE-A79F-0AE108232389}.Release|Any CPU.ActiveCfg = Release|Any CPU
		{597777BD-0095-46EE-A79F-0AE108232389}.Release|Any CPU.Build.0 = Release|Any CPU
	EndGlobalSection
	GlobalSection(SolutionProperties) = preSolution
		HideSolutionNode = FALSE
	EndGlobalSection
	GlobalSection(ExtensibilityGlobals) = postSolution
		SolutionGuid = {15A4AC40-D82B-4C79-B4F8-59E40F2B8F2F}
	EndGlobalSection
EndGlobal
